github.com/amp-labs/connectors v0.0.0-20240422215549-9c313bf922b0 h1:0xXIMSDianFNkEvMeZm93/Nn48850ajd2Fx47Y1HMqk=
github.com/amp-labs/connectors v0.0.0-20240422215549-9c313bf922b0/go.mod h1:3+vQDx0ZAy3n+OptubJPY1JG5WqH6SfWBspIDkhVnvI=
github.com/antchfx/xpath v0.0.0-20170515025933-1f3266e77307 h1:C735MoY/X+UOx6SECmHk5pVOj51h839Ph13pEoY8UmU=
github.com/antchfx/xpath v0.0.0-20170515025933-1f3266e77307/go.mod h1:Yee4kTMuNiPYJ7nSNorELQMr1J33uOpXDMByNYhvtNk=
github.com/go-playground/locales v0.14.1 h1:EWaQ/wswjilfKLTECiXz7Rh+3BjFhfDFKv/oXslEjJA=
github.com/go-playground/locales v0.14.1/go.mod h1:hxrqLVvrK65+Rwrd5Fc6F2O76J/NuW9t0sjnWqG1slY=
github.com/go-playground/universal-translator v0.18.1 h1:Bcnm0ZwsGyWbCzImXv+pAJnYK9S473LQFuzCbDbfSFY=
github.com/go-playground/universal-translator v0.18.1/go.mod h1:xekY+UJKNuX9WP91TpwSH2VMlDf28Uj24BCp08ZFTUY=
github.com/go-playground/validator v9.31.0+incompatible h1:UA72EPEogEnq76ehGdEDp4Mit+3FDh548oRqwVgNsHA=
github.com/go-playground/validator v9.31.0+incompatible/go.mod h1:yrEkQXlcI+PugkyDjY2bRrL/UBU4f3rvrgkN3V8JEig=
github.com/leodido/go-urn v1.4.0 h1:WT9HwE9SGECu3lg4d/dIA+jxlljEa1/ffXKmRjqdmIQ=
github.com/leodido/go-urn v1.4.0/go.mod h1:bvxc+MVxLKB4z00jd1z+Dvzr47oO32F/QSNjSBOlFxI=
github.com/spyzhov/ajson v0.9.1 h1:izsDkOC9yznlpA2BxJcrkr8Q5Gyjf43yeSc2Wz0g/aU=
github.com/spyzhov/ajson v0.9.1/go.mod h1:a6oSw0MMb7Z5aD2tPoPO+jq11ETKgXUr2XktHdT8Wt8=
github.com/subchen/go-xmldom v1.1.2 h1:7evI2YqfYYOnuj+PBwyaOZZYjl3iWq35P6KfBUw9jeU=
github.com/subchen/go-xmldom v1.1.2/go.mod h1:6Pg/HuX5/T4Jlj0IPJF1sRxKVoI/rrKP6LIMge9d5/8=
golang.org/x/oauth2 v0.19.0 h1:9+E/EZBCbTLNrbN35fHv/a/d/mOBatymz1zbtQrXpIg=
golang.org/x/oauth2 v0.19.0/go.mod h1:vYi7skDa1x015PmRRYZ7+s1cWyPgrPiSYRe4rnsexc8=
